
Microsoft Visual Studio Solution File, Format Version 12.00
# Visual Studio Version 17
VisualStudioVersion = 17.9.34902.65
MinimumVisualStudioVersion = 10.0.40219.1
Project("{FAE04EC0-301F-11D3-BF4B-00C04F79EFBC}") = "CommonTool", "CommonTool\CommonTool.csproj", "{0849ECE5-855B-4DEB-989D-8AF91D661DE1}"
EndProject
Project("{FAE04EC0-301F-11D3-BF4B-00C04F79EFBC}") = "CommonToolTests", "CommonToolTests\CommonToolTests.csproj", "{2B89A35C-E9D9-43AB-BF77-74C68854E1D1}"
EndProject
Project("{FAE04EC0-301F-11D3-BF4B-00C04F79EFBC}") = "WindowsFormsApp1", "WindowsFormsApp1\WindowsFormsApp1.csproj", "{4610FAE9-19BA-4F5A-A1D6-57E422DB6D02}"
EndProject
Global
	GlobalSection(SolutionConfigurationPlatforms) = preSolution
		Debug|Any CPU = Debug|Any CPU
		Release|Any CPU = Release|Any CPU
	EndGlobalSection
	GlobalSection(ProjectConfigurationPlatforms) = postSolution
		{0849ECE5-855B-4DEB-989D-8AF91D661DE1}.Debug|Any CPU.ActiveCfg = Debug|Any CPU
		{0849ECE5-855B-4DEB-989D-8AF91D661DE1}.Debug|Any CPU.Build.0 = Debug|Any CPU
		{0849ECE5-855B-4DEB-989D-8AF91D661DE1}.Release|Any CPU.ActiveCfg = Release|Any CPU
		{0849ECE5-855B-4DEB-989D-8AF91D661DE1}.Release|Any CPU.Build.0 = Release|Any CPU
		{2B89A35C-E9D9-43AB-BF77-74C68854E1D1}.Debug|Any CPU.ActiveCfg = Debug|Any CPU
		{2B89A35C-E9D9-43AB-BF77-74C68854E1D1}.Debug|Any CPU.Build.0 = Debug|Any CPU
		{2B89A35C-E9D9-43AB-BF77-74C68854E1D1}.Release|Any CPU.ActiveCfg = Release|Any CPU
		{2B89A35C-E9D9-43AB-BF77-74C68854E1D1}.Release|Any CPU.Build.0 = Release|Any CPU
		{4610FAE9-19BA-4F5A-A1D6-57E422DB6D02}.Debug|Any CPU.ActiveCfg = Debug|Any CPU
		{4610FAE9-19BA-4F5A-A1D6-57E422DB6D02}.Debug|Any CPU.Build.0 = Debug|Any CPU
		{4610FAE9-19BA-4F5A-A1D6-57E422DB6D02}.Release|Any CPU.ActiveCfg = Release|Any CPU
		{4610FAE9-19BA-4F5A-A1D6-57E422DB6D02}.Release|Any CPU.Build.0 = Release|Any CPU
	EndGlobalSection
	GlobalSection(SolutionProperties) = preSolution
		HideSolutionNode = FALSE
	EndGlobalSection
	GlobalSection(ExtensibilityGlobals) = postSolution
		SolutionGuid = {2CD29BF9-70A9-4766-92FD-FF1BCC52D91E}
	EndGlobalSection
EndGlobal
